// !$*UTF8*$!
{
	archiveVersion = 1;
	classes = {
	};
	objectVersion = 46;
	objects = {

/* Begin PBXBuildFile section */
		7628B2B61C36208D004CAEAA /* Assets.xcassets in Resources */ = {isa = PBXBuildFile; fileRef = 7628B2B51C36208D004CAEAA /* Assets.xcassets */; };
		7633B9EA1C35DA8A00EA1B87 /* AppDelegate.swift in Sources */ = {isa = PBXBuildFile; fileRef = 7633B9E91C35DA8A00EA1B87 /* AppDelegate.swift */; };
		7633B9EF1C35DA8A00EA1B87 /* Main.storyboard in Resources */ = {isa = PBXBuildFile; fileRef = 7633B9ED1C35DA8A00EA1B87 /* Main.storyboard */; };
		7633B9F41C35DA8A00EA1B87 /* LaunchScreen.storyboard in Resources */ = {isa = PBXBuildFile; fileRef = 7633B9F21C35DA8A00EA1B87 /* LaunchScreen.storyboard */; };
		7633B9FF1C35DA8B00EA1B87 /* UISearch_DemoTests.swift in Sources */ = {isa = PBXBuildFile; fileRef = 7633B9FE1C35DA8B00EA1B87 /* UISearch_DemoTests.swift */; };
		7633BA0C1C35F53F00EA1B87 /* MainViewController.swift in Sources */ = {isa = PBXBuildFile; fileRef = 7633BA0B1C35F53F00EA1B87 /* MainViewController.swift */; };
		7633BA0E1C35F56300EA1B87 /* DetailViewController.swift in Sources */ = {isa = PBXBuildFile; fileRef = 7633BA0D1C35F56300EA1B87 /* DetailViewController.swift */; };
		7633BA101C35F6CB00EA1B87 /* Team.swift in Sources */ = {isa = PBXBuildFile; fileRef = 7633BA0F1C35F6CB00EA1B87 /* Team.swift */; };
		7633BA121C35FBFD00EA1B87 /* Global.swift in Sources */ = {isa = PBXBuildFile; fileRef = 7633BA111C35FBFD00EA1B87 /* Global.swift */; };
/* End PBXBuildFile section */

/* Begin PBXContainerItemProxy section */
		7633B9FB1C35DA8B00EA1B87 /* PBXContainerItemProxy */ = {
			isa = PBXContainerItemProxy;
			containerPortal = 7633B9DE1C35DA8A00EA1B87 /* Project object */;
			proxyType = 1;
			remoteGlobalIDString = 7633B9E51C35DA8A00EA1B87;
			remoteInfo = "UISearch Demo";
		};
/* End PBXContainerItemProxy section */

/* Begin PBXFileReference section */
		7628B2B51C36208D004CAEAA /* Assets.xcassets */ = {isa = PBXFileReference; lastKnownFileType = folder.assetcatalog; path = Assets.xcassets; sourceTree = "<group>"; };
		7633B9E61C35DA8A00EA1B87 /* UISearch Demo.app */ = {isa = PBXFileReference; explicitFileType = wrapper.application; includeInIndex = 0; path = "UISearch Demo.app"; sourceTree = BUILT_PRODUCTS_DIR; };
		7633B9E91C35DA8A00EA1B87 /* AppDelegate.swift */ = {isa = PBXFileReference; lastKnownFileType = sourcecode.swift; path = AppDelegate.swift; sourceTree = "<group>"; };
		7633B9EE1C35DA8A00EA1B87 /* Base */ = {isa = PBXFileReference; lastKnownFileType = file.storyboard; name = Base; path = Base.lproj/Main.storyboard; sourceTree = "<group>"; };
		7633B9F31C35DA8A00EA1B87 /* Base */ = {isa = PBXFileReference; lastKnownFileType = file.storyboard; name = Base; path = Base.lproj/LaunchScreen.storyboard; sourceTree = "<group>"; };
		7633B9F51C35DA8A00EA1B87 /* Info.plist */ = {isa = PBXFileReference; lastKnownFileType = text.plist.xml; path = Info.plist; sourceTree = "<group>"; };
		7633B9FA1C35DA8B00EA1B87 /* UISearch DemoTests.xctest */ = {isa = PBXFileReference; explicitFileType = wrapper.cfbundle; includeInIndex = 0; path = "UISearch DemoTests.xctest"; sourceTree = BUILT_PRODUCTS_DIR; };
		7633B9FE1C35DA8B00EA1B87 /* UISearch_DemoTests.swift */ = {isa = PBXFileReference; lastKnownFileType = sourcecode.swift; path = UISearch_DemoTests.swift; sourceTree = "<group>"; };
		7633BA001C35DA8B00EA1B87 /* Info.plist */ = {isa = PBXFileReference; lastKnownFileType = text.plist.xml; path = Info.plist; sourceTree = "<group>"; };
		7633BA0B1C35F53F00EA1B87 /* MainViewController.swift */ = {isa = PBXFileReference; fileEncoding = 4; lastKnownFileType = sourcecode.swift; path = MainViewController.swift; sourceTree = "<group>"; };
		7633BA0D1C35F56300EA1B87 /* DetailViewController.swift */ = {isa = PBXFileReference; fileEncoding = 4; lastKnownFileType = sourcecode.swift; path = DetailViewController.swift; sourceTree = "<group>"; };
		7633BA0F1C35F6CB00EA1B87 /* Team.swift */ = {isa = PBXFileReference; fileEncoding = 4; lastKnownFileType = sourcecode.swift; path = Team.swift; sourceTree = "<group>"; };
		7633BA111C35FBFD00EA1B87 /* Global.swift */ = {isa = PBXFileReference; fileEncoding = 4; lastKnownFileType = sourcecode.swift; path = Global.swift; sourceTree = "<group>"; };
/* End PBXFileReference section */

/* Begin PBXFrameworksBuildPhase section */
		7633B9E31C35DA8A00EA1B87 /* Frameworks */ = {
			isa = PBXFrameworksBuildPhase;
			buildActionMask = 2147483647;
			files = (
			);
			runOnlyForDeploymentPostprocessing = 0;
		};
		7633B9F71C35DA8B00EA1B87 /* Frameworks */ = {
			isa = PBXFrameworksBuildPhase;
			buildActionMask = 2147483647;
			files = (
			);
			runOnlyForDeploymentPostprocessing = 0;
		};
/* End PBXFrameworksBuildPhase section */

/* Begin PBXGroup section */
		7633B9DD1C35DA8A00EA1B87 = {
			isa = PBXGroup;
			children = (
				7633B9E81C35DA8A00EA1B87 /* UISearch Demo */,
				7633B9FD1C35DA8B00EA1B87 /* UISearch DemoTests */,
				7633B9E71C35DA8A00EA1B87 /* Products */,
			);
			sourceTree = "<group>";
		};
		7633B9E71C35DA8A00EA1B87 /* Products */ = {
			isa = PBXGroup;
			children = (
				7633B9E61C35DA8A00EA1B87 /* UISearch Demo.app */,
				7633B9FA1C35DA8B00EA1B87 /* UISearch DemoTests.xctest */,
			);
			name = Products;
			sourceTree = "<group>";
		};
		7633B9E81C35DA8A00EA1B87 /* UISearch Demo */ = {
			isa = PBXGroup;
			children = (
				7633BA0F1C35F6CB00EA1B87 /* Team.swift */,
				7633BA111C35FBFD00EA1B87 /* Global.swift */,
				7633B9E91C35DA8A00EA1B87 /* AppDelegate.swift */,
				7633BA0B1C35F53F00EA1B87 /* MainViewController.swift */,
				7633BA0D1C35F56300EA1B87 /* DetailViewController.swift */,
				7633B9ED1C35DA8A00EA1B87 /* Main.storyboard */,
				7633B9F21C35DA8A00EA1B87 /* LaunchScreen.storyboard */,
				7628B2B51C36208D004CAEAA /* Assets.xcassets */,
				7633B9F51C35DA8A00EA1B87 /* Info.plist */,
			);
			path = "UISearch Demo";
			sourceTree = "<group>";
		};
		7633B9FD1C35DA8B00EA1B87 /* UISearch DemoTests */ = {
			isa = PBXGroup;
			children = (
				7633B9FE1C35DA8B00EA1B87 /* UISearch_DemoTests.swift */,
				7633BA001C35DA8B00EA1B87 /* Info.plist */,
			);
			path = "UISearch DemoTests";
			sourceTree = "<group>";
		};
/* End PBXGroup section */

/* Begin PBXNativeTarget section */
		7633B9E51C35DA8A00EA1B87 /* UISearch Demo */ = {
			isa = PBXNativeTarget;
			buildConfigurationList = 7633BA031C35DA8B00EA1B87 /* Build configuration list for PBXNativeTarget "UISearch Demo" */;
			buildPhases = (
				7633B9E21C35DA8A00EA1B87 /* Sources */,
				7633B9E31C35DA8A00EA1B87 /* Frameworks */,
				7633B9E41C35DA8A00EA1B87 /* Resources */,
			);
			buildRules = (
			);
			dependencies = (
			);
			name = "UISearch Demo";
			productName = "UISearch Demo";
			productReference = 7633B9E61C35DA8A00EA1B87 /* UISearch Demo.app */;
			productType = "com.apple.product-type.application";
		};
		7633B9F91C35DA8B00EA1B87 /* UISearch DemoTests */ = {
			isa = PBXNativeTarget;
			buildConfigurationList = 7633BA061C35DA8B00EA1B87 /* Build configuration list for PBXNativeTarget "UISearch DemoTests" */;
			buildPhases = (
				7633B9F61C35DA8B00EA1B87 /* Sources */,
				7633B9F71C35DA8B00EA1B87 /* Frameworks */,
				7633B9F81C35DA8B00EA1B87 /* Resources */,
			);
			buildRules = (
			);
			dependencies = (
				7633B9FC1C35DA8B00EA1B87 /* PBXTargetDependency */,
			);
			name = "UISearch DemoTests";
			productName = "UISearch DemoTests";
			productReference = 7633B9FA1C35DA8B00EA1B87 /* UISearch DemoTests.xctest */;
			productType = "com.apple.product-type.bundle.unit-test";
		};
/* End PBXNativeTarget section */

/* Begin PBXProject section */
		7633B9DE1C35DA8A00EA1B87 /* Project object */ = {
			isa = PBXProject;
			attributes = {
				LastSwiftUpdateCheck = 0720;
				LastUpgradeCheck = 0720;
				ORGANIZATIONNAME = DX;
				TargetAttributes = {
					7633B9E51C35DA8A00EA1B87 = {
						CreatedOnToolsVersion = 7.2;
						DevelopmentTeam = MY2MNC4AMN;
					};
					7633B9F91C35DA8B00EA1B87 = {
						CreatedOnToolsVersion = 7.2;
						DevelopmentTeam = MY2MNC4AMN;
						TestTargetID = 7633B9E51C35DA8A00EA1B87;
					};
				};
			};
			buildConfigurationList = 7633B9E11C35DA8A00EA1B87 /* Build configuration list for PBXProject "UISearch Demo" */;
			compatibilityVersion = "Xcode 3.2";
			developmentRegion = English;
			hasScannedForEncodings = 0;
			knownRegions = (
				en,
				Base,
			);
			mainGroup = 7633B9DD1C35DA8A00EA1B87;
			productRefGroup = 7633B9E71C35DA8A00EA1B87 /* Products */;
			projectDirPath = "";
			projectRoot = "";
			targets = (
				7633B9E51C35DA8A00EA1B87 /* UISearch Demo */,
				7633B9F91C35DA8B00EA1B87 /* UISearch DemoTests */,
			);
		};
/* End PBXProject section */

/* Begin PBXResourcesBuildPhase section */
		7633B9E41C35DA8A00EA1B87 /* Resources */ = {
			isa = PBXResourcesBuildPhase;
			buildActionMask = 2147483647;
			files = (
				7633B9F41C35DA8A00EA1B87 /* LaunchScreen.storyboard in Resources */,
				7628B2B61C36208D004CAEAA /* Assets.xcassets in Resources */,
				7633B9EF1C35DA8A00EA1B87 /* Main.storyboard in Resources */,
			);
			runOnlyForDeploymentPostprocessing = 0;
		};
		7633B9F81C35DA8B00EA1B87 /* Resources */ = {
			isa = PBXResourcesBuildPhase;
			buildActionMask = 2147483647;
			files = (
			);
			runOnlyForDeploymentPostprocessing = 0;
		};
/* End PBXResourcesBuildPhase section */

/* Begin PBXSourcesBuildPhase section */
		7633B9E21C35DA8A00EA1B87 /* Sources */ = {
			isa = PBXSourcesBuildPhase;
			buildActionMask = 2147483647;
			files = (
				7633BA101C35F6CB00EA1B87 /* Team.swift in Sources */,
				7633BA0E1C35F56300EA1B87 /* DetailViewController.swift in Sources */,
				7633B9EA1C35DA8A00EA1B87 /* AppDelegate.swift in Sources */,
				7633BA121C35FBFD00EA1B87 /* Global.swift in Sources */,
				7633BA0C1C35F53F00EA1B87 /* MainViewController.swift in Sources */,
			);
			runOnlyForDeploymentPostprocessing = 0;
		};
		7633B9F61C35DA8B00EA1B87 /* Sources */ = {
			isa = PBXSourcesBuildPhase;
			buildActionMask = 2147483647;
			files = (
				7633B9FF1C35DA8B00EA1B87 /* UISearch_DemoTests.swift in Sources */,
			);
			runOnlyForDeploymentPostprocessing = 0;
		};
/* End PBXSourcesBuildPhase section */

/* Begin PBXTargetDependency section */
		7633B9FC1C35DA8B00EA1B87 /* PBXTargetDependency */ = {
			isa = PBXTargetDependency;
			target = 7633B9E51C35DA8A00EA1B87 /* UISearch Demo */;
			targetProxy = 7633B9FB1C35DA8B00EA1B87 /* PBXContainerItemProxy */;
		};
/* End PBXTargetDependency section */

/* Begin PBXVariantGroup section */
		7633B9ED1C35DA8A00EA1B87 /* Main.storyboard */ = {
			isa = PBXVariantGroup;
			children = (
				7633B9EE1C35DA8A00EA1B87 /* Base */,
			);
			name = Main.storyboard;
			sourceTree = "<group>";
		};
		7633B9F21C35DA8A00EA1B87 /* LaunchScreen.storyboard */ = {
			isa = PBXVariantGroup;
			children = (
				7633B9F31C35DA8A00EA1B87 /* Base */,
			);
			name = LaunchScreen.storyboard;
			sourceTree = "<group>";
		};
/* End PBXVariantGroup section */

/* Begin XCBuildConfiguration section */
		7633BA011C35DA8B00EA1B87 /* Debug */ = {
			isa = XCBuildConfiguration;
			buildSettings = {
				ALWAYS_SEARCH_USER_PATHS = NO;
				CLANG_CXX_LANGUAGE_STANDARD = "gnu++0x";
				CLANG_CXX_LIBRARY = "libc++";
				CLANG_ENABLE_MODULES = YES;
				CLANG_ENABLE_OBJC_ARC = YES;
				CLANG_WARN_BOOL_CONVERSION = YES;
				CLANG_WARN_CONSTANT_CONVERSION = YES;
				CLANG_WARN_DIRECT_OBJC_ISA_USAGE = YES_ERROR;
				CLANG_WARN_EMPTY_BODY = YES;
				CLANG_WARN_ENUM_CONVERSION = YES;
				CLANG_WARN_INT_CONVERSION = YES;
				CLANG_WARN_OBJC_ROOT_CLASS = YES_ERROR;
				CLANG_WARN_UNREACHABLE_CODE = YES;
				CLANG_WARN__DUPLICATE_METHOD_MATCH = YES;
				"CODE_SIGN_IDENTITY[sdk=iphoneos*]" = "iPhone Developer";
				COPY_PHASE_STRIP = NO;
				DEBUG_INFORMATION_FORMAT = dwarf;
				ENABLE_STRICT_OBJC_MSGSEND = YES;
				ENABLE_TESTABILITY = YES;
				GCC_C_LANGUAGE_STANDARD = gnu99;
				GCC_DYNAMIC_NO_PIC = NO;
				GCC_NO_COMMON_BLOCKS = YES;
				GCC_OPTIMIZATION_LEVEL = 0;
				GCC_PREPROCESSOR_DEFINITIONS = (
					"DEBUG=1",
					"$(inherited)",
				);
				GCC_WARN_64_TO_32_BIT_CONVERSION = YES;
				GCC_WARN_ABOUT_RETURN_TYPE = YES_ERROR;
				GCC_WARN_UNDECLARED_SELECTOR = YES;
				GCC_WARN_UNINITIALIZED_AUTOS = YES_AGGRESSIVE;
				GCC_WARN_UNUSED_FUNCTION = YES;
				GCC_WARN_UNUSED_VARIABLE = YES;
				IPHONEOS_DEPLOYMENT_TARGET = 9.2;
				MTL_ENABLE_DEBUG_INFO = YES;
				ONLY_ACTIVE_ARCH = YES;
				SDKROOT = iphoneos;
				SWIFT_OPTIMIZATION_LEVEL = "-Onone";
				TARGETED_DEVICE_FAMILY = "1,2";
			};
			name = Debug;
		};
		7633BA021C35DA8B00EA1B87 /* Release */ = {
			isa = XCBuildConfiguration;
			buildSettings = {
				ALWAYS_SEARCH_USER_PATHS = NO;
				CLANG_CXX_LANGUAGE_STANDARD = "gnu++0x";
				CLANG_CXX_LIBRARY = "libc++";
				CLANG_ENABLE_MODULES = YES;
				CLANG_ENABLE_OBJC_ARC = YES;
				CLANG_WARN_BOOL_CONVERSION = YES;
				CLANG_WARN_CONSTANT_CONVERSION = YES;
				CLANG_WARN_DIRECT_OBJC_ISA_USAGE = YES_ERROR;
				CLANG_WARN_EMPTY_BODY = YES;
				CLANG_WARN_ENUM_CONVERSION = YES;
				CLANG_WARN_INT_CONVERSION = YES;
				CLANG_WARN_OBJC_ROOT_CLASS = YES_ERROR;
				CLANG_WARN_UNREACHABLE_CODE = YES;
				CLANG_WARN__DUPLICATE_METHOD_MATCH = YES;
				"CODE_SIGN_IDENTITY[sdk=iphoneos*]" = "iPhone Developer";
				COPY_PHASE_STRIP = NO;
				DEBUG_INFORMATION_FORMAT = "dwarf-with-dsym";
				ENABLE_NS_ASSERTIONS = NO;
				ENABLE_STRICT_OBJC_MSGSEND = YES;
				GCC_C_LANGUAGE_STANDARD = gnu99;
				GCC_NO_COMMON_BLOCKS = YES;
				GCC_WARN_64_TO_32_BIT_CONVERSION = YES;
				GCC_WARN_ABOUT_RETURN_TYPE = YES_ERROR;
				GCC_WARN_UNDECLARED_SELECTOR = YES;
				GCC_WARN_UNINITIALIZED_AUTOS = YES_AGGRESSIVE;
				GCC_WARN_UNUSED_FUNCTION = YES;
				GCC_WARN_UNUSED_VARIABLE = YES;
				IPHONEOS_DEPLOYMENT_TARGET = 9.2;
				MTL_ENABLE_DEBUG_INFO = NO;
				SDKROOT = iphoneos;
				TARGETED_DEVICE_FAMILY = "1,2";
				VALIDATE_PRODUCT = YES;
			};
			name = Release;
		};
		7633BA041C35DA8B00EA1B87 /* Debug */ = {
			isa = XCBuildConfiguration;
			buildSettings = {
				ASSETCATALOG_COMPILER_APPICON_NAME = AppIcon;
				INFOPLIST_FILE = "UISearch Demo/Info.plist";
				IPHONEOS_DEPLOYMENT_TARGET = 8.0;
				LD_RUNPATH_SEARCH_PATHS = "$(inherited) @executable_path/Frameworks";
				PRODUCT_BUNDLE_IDENTIFIER = "com.dyl.herokuapp.UISearch-Demo";
				PRODUCT_NAME = "$(TARGET_NAME)";
				TARGETED_DEVICE_FAMILY = 1;
			};
			name = Debug;
		};
		7633BA051C35DA8B00EA1B87 /* Release */ = {
			isa = XCBuildConfiguration;
			buildSettings = {
				ASSETCATALOG_COMPILER_APPICON_NAME = AppIcon;
				INFOPLIST_FILE = "UISearch Demo/Info.plist";
				IPHONEOS_DEPLOYMENT_TARGET = 8.0;
				LD_RUNPATH_SEARCH_PATHS = "$(inherited) @executable_path/Frameworks";
				PRODUCT_BUNDLE_IDENTIFIER = "com.dyl.herokuapp.UISearch-Demo";
				PRODUCT_NAME = "$(TARGET_NAME)";
				TARGETED_DEVICE_FAMILY = 1;
			};
			name = Release;
		};
		7633BA071C35DA8B00EA1B87 /* Debug */ = {
			isa = XCBuildConfiguration;
			buildSettings = {
				BUNDLE_LOADER = "$(TEST_HOST)";
				INFOPLIST_FILE = "UISearch DemoTests/Info.plist";
				LD_RUNPATH_SEARCH_PATHS = "$(inherited) @executable_path/Frameworks @loader_path/Frameworks";
				PRODUCT_BUNDLE_IDENTIFIER = "com.dyl.herokuapp.UISearch-DemoTests";
				PRODUCT_NAME = "$(TARGET_NAME)";
				TEST_HOST = "$(BUILT_PRODUCTS_DIR)/UISearch Demo.app/UISearch Demo";
			};
			name = Debug;
		};
		7633BA081C35DA8B00EA1B87 /* Release */ = {
			isa = XCBuildConfiguration;
			buildSettings = {
				BUNDLE_LOADER = "$(TEST_HOST)";
				INFOPLIST_FILE = "UISearch DemoTests/Info.plist";
				LD_RUNPATH_SEARCH_PATHS = "$(inherited) @executable_path/Frameworks @loader_path/Frameworks";
				PRODUCT_BUNDLE_IDENTIFIER = "com.dyl.herokuapp.UISearch-DemoTests";
				PRODUCT_NAME = "$(TARGET_NAME)";
				TEST_HOST = "$(BUILT_PRODUCTS_DIR)/UISearch Demo.app/UISearch Demo";
			};
			name = Release;
		};
/* End XCBuildConfiguration section */

/* Begin XCConfigurationList section */
		7633B9E11C35DA8A00EA1B87 /* Build configuration list for PBXProject "UISearch Demo" */ = {
			isa = XCConfigurationList;
			buildConfigurations = (
				7633BA011C35DA8B00EA1B87 /* Debug */,
				7633BA021C35DA8B00EA1B87 /* Release */,
			);
			defaultConfigurationIsVisible = 0;
			defaultConfigurationName = Release;
		};
		7633BA031C35DA8B00EA1B87 /* Build configuration list for PBXNativeTarget "UISearch Demo" */ = {
			isa = XCConfigurationList;
			buildConfigurations = (
				7633BA041C35DA8B00EA1B87 /* Debug */,
				7633BA051C35DA8B00EA1B87 /* Release */,
			);
			defaultConfigurationIsVisible = 0;
			defaultConfigurationName = Release;
		};
		7633BA061C35DA8B00EA1B87 /* Build configuration list for PBXNativeTarget "UISearch DemoTests" */ = {
			isa = XCConfigurationList;
			buildConfigurations = (
				7633BA071C35DA8B00EA1B87 /* Debug */,
				7633BA081C35DA8B00EA1B87 /* Release */,
			);
			defaultConfigurationIsVisible = 0;
			defaultConfigurationName = Release;
		};
/* End XCConfigurationList section */
	};
	rootObject = 7633B9DE1C35DA8A00EA1B87 /* Project object */;
}
