// !$*UTF8*$!
{
	archiveVersion = 1;
	classes = {
	};
	objectVersion = 46;
	objects = {

/* Begin PBXBuildFile section */
		7663C9B21C20C1E8006E693D /* Wall.sks in Resources */ = {isa = PBXBuildFile; fileRef = 7663C9B11C20C1E8006E693D /* Wall.sks */; };
		7663C9B41C20C39C006E693D /* Blocks.sks in Resources */ = {isa = PBXBuildFile; fileRef = 7663C9B31C20C39C006E693D /* Blocks.sks */; };
		7668EE4B1C1D59D3004F60D7 /* main.m in Sources */ = {isa = PBXBuildFile; fileRef = 7668EE4A1C1D59D3004F60D7 /* main.m */; };
		7668EE4E1C1D59D3004F60D7 /* AppDelegate.m in Sources */ = {isa = PBXBuildFile; fileRef = 7668EE4D1C1D59D3004F60D7 /* AppDelegate.m */; };
		7668EE511C1D59D3004F60D7 /* GameScene.m in Sources */ = {isa = PBXBuildFile; fileRef = 7668EE501C1D59D3004F60D7 /* GameScene.m */; };
		7668EE531C1D59D3004F60D7 /* GameScene.sks in Resources */ = {isa = PBXBuildFile; fileRef = 7668EE521C1D59D3004F60D7 /* GameScene.sks */; };
		7668EE561C1D59D3004F60D7 /* GameViewController.m in Sources */ = {isa = PBXBuildFile; fileRef = 7668EE551C1D59D3004F60D7 /* GameViewController.m */; };
		7668EE591C1D59D3004F60D7 /* Main.storyboard in Resources */ = {isa = PBXBuildFile; fileRef = 7668EE571C1D59D3004F60D7 /* Main.storyboard */; };
		7668EE5B1C1D59D3004F60D7 /* Assets.xcassets in Resources */ = {isa = PBXBuildFile; fileRef = 7668EE5A1C1D59D3004F60D7 /* Assets.xcassets */; };
		7668EE5E1C1D59D3004F60D7 /* LaunchScreen.storyboard in Resources */ = {isa = PBXBuildFile; fileRef = 7668EE5C1C1D59D3004F60D7 /* LaunchScreen.storyboard */; };
		76B0BD981C212F0900EF33FB /* GameEndScene.m in Sources */ = {isa = PBXBuildFile; fileRef = 76B0BD971C212F0900EF33FB /* GameEndScene.m */; };
		76B0BD9B1C212F2700EF33FB /* GameStartScene.m in Sources */ = {isa = PBXBuildFile; fileRef = 76B0BD9A1C212F2700EF33FB /* GameStartScene.m */; };
		76B0BD9D1C212F5C00EF33FB /* GameStart.sks in Resources */ = {isa = PBXBuildFile; fileRef = 76B0BD9C1C212F5C00EF33FB /* GameStart.sks */; };
		76B0BD9F1C212FCF00EF33FB /* GameEnd.sks in Resources */ = {isa = PBXBuildFile; fileRef = 76B0BD9E1C212FCF00EF33FB /* GameEnd.sks */; };
		76B0BDA11C21384900EF33FB /* ts-start.mp3 in Resources */ = {isa = PBXBuildFile; fileRef = 76B0BDA01C21384900EF33FB /* ts-start.mp3 */; };
		76B0BDA31C213E2800EF33FB /* ts-move.mp3 in Resources */ = {isa = PBXBuildFile; fileRef = 76B0BDA21C213E2800EF33FB /* ts-move.mp3 */; };
		76C5D6611C1F6EE000DA0CD8 /* ts-bg.mp3 in Resources */ = {isa = PBXBuildFile; fileRef = 76C5D65C1C1F6EE000DA0CD8 /* ts-bg.mp3 */; };
		76E576071C221770007A0EEF /* ts-win.mp3 in Resources */ = {isa = PBXBuildFile; fileRef = 76E576061C221770007A0EEF /* ts-win.mp3 */; };
		76E576091C221855007A0EEF /* ts-over.wav in Resources */ = {isa = PBXBuildFile; fileRef = 76E576081C221855007A0EEF /* ts-over.wav */; };
		76E5760B1C221ACF007A0EEF /* ts-bomb.mp3 in Resources */ = {isa = PBXBuildFile; fileRef = 76E5760A1C221ACF007A0EEF /* ts-bomb.mp3 */; };
/* End PBXBuildFile section */

/* Begin PBXFileReference section */
		7663C9B11C20C1E8006E693D /* Wall.sks */ = {isa = PBXFileReference; lastKnownFileType = file.sks; path = Wall.sks; sourceTree = "<group>"; };
		7663C9B31C20C39C006E693D /* Blocks.sks */ = {isa = PBXFileReference; lastKnownFileType = file.sks; path = Blocks.sks; sourceTree = "<group>"; };
		7668EE461C1D59D3004F60D7 /* Tank Strike.app */ = {isa = PBXFileReference; explicitFileType = wrapper.application; includeInIndex = 0; path = "Tank Strike.app"; sourceTree = BUILT_PRODUCTS_DIR; };
		7668EE4A1C1D59D3004F60D7 /* main.m */ = {isa = PBXFileReference; lastKnownFileType = sourcecode.c.objc; path = main.m; sourceTree = "<group>"; };
		7668EE4C1C1D59D3004F60D7 /* AppDelegate.h */ = {isa = PBXFileReference; lastKnownFileType = sourcecode.c.h; path = AppDelegate.h; sourceTree = "<group>"; };
		7668EE4D1C1D59D3004F60D7 /* AppDelegate.m */ = {isa = PBXFileReference; lastKnownFileType = sourcecode.c.objc; path = AppDelegate.m; sourceTree = "<group>"; };
		7668EE4F1C1D59D3004F60D7 /* GameScene.h */ = {isa = PBXFileReference; lastKnownFileType = sourcecode.c.h; path = GameScene.h; sourceTree = "<group>"; };
		7668EE501C1D59D3004F60D7 /* GameScene.m */ = {isa = PBXFileReference; lastKnownFileType = sourcecode.c.objc; path = GameScene.m; sourceTree = "<group>"; };
		7668EE521C1D59D3004F60D7 /* GameScene.sks */ = {isa = PBXFileReference; lastKnownFileType = file.sks; path = GameScene.sks; sourceTree = "<group>"; };
		7668EE541C1D59D3004F60D7 /* GameViewController.h */ = {isa = PBXFileReference; lastKnownFileType = sourcecode.c.h; path = GameViewController.h; sourceTree = "<group>"; };
		7668EE551C1D59D3004F60D7 /* GameViewController.m */ = {isa = PBXFileReference; lastKnownFileType = sourcecode.c.objc; path = GameViewController.m; sourceTree = "<group>"; };
		7668EE581C1D59D3004F60D7 /* Base */ = {isa = PBXFileReference; lastKnownFileType = file.storyboard; name = Base; path = Base.lproj/Main.storyboard; sourceTree = "<group>"; };
		7668EE5A1C1D59D3004F60D7 /* Assets.xcassets */ = {isa = PBXFileReference; lastKnownFileType = folder.assetcatalog; path = Assets.xcassets; sourceTree = "<group>"; };
		7668EE5D1C1D59D3004F60D7 /* Base */ = {isa = PBXFileReference; lastKnownFileType = file.storyboard; name = Base; path = Base.lproj/LaunchScreen.storyboard; sourceTree = "<group>"; };
		7668EE5F1C1D59D3004F60D7 /* Info.plist */ = {isa = PBXFileReference; lastKnownFileType = text.plist.xml; path = Info.plist; sourceTree = "<group>"; };
		76B0BD961C212F0900EF33FB /* GameEndScene.h */ = {isa = PBXFileReference; fileEncoding = 4; lastKnownFileType = sourcecode.c.h; path = GameEndScene.h; sourceTree = "<group>"; };
		76B0BD971C212F0900EF33FB /* GameEndScene.m */ = {isa = PBXFileReference; fileEncoding = 4; lastKnownFileType = sourcecode.c.objc; path = GameEndScene.m; sourceTree = "<group>"; };
		76B0BD991C212F2700EF33FB /* GameStartScene.h */ = {isa = PBXFileReference; fileEncoding = 4; lastKnownFileType = sourcecode.c.h; path = GameStartScene.h; sourceTree = "<group>"; };
		76B0BD9A1C212F2700EF33FB /* GameStartScene.m */ = {isa = PBXFileReference; fileEncoding = 4; lastKnownFileType = sourcecode.c.objc; path = GameStartScene.m; sourceTree = "<group>"; };
		76B0BD9C1C212F5C00EF33FB /* GameStart.sks */ = {isa = PBXFileReference; lastKnownFileType = file.sks; path = GameStart.sks; sourceTree = "<group>"; };
		76B0BD9E1C212FCF00EF33FB /* GameEnd.sks */ = {isa = PBXFileReference; lastKnownFileType = file.sks; path = GameEnd.sks; sourceTree = "<group>"; };
		76B0BDA01C21384900EF33FB /* ts-start.mp3 */ = {isa = PBXFileReference; lastKnownFileType = audio.mp3; path = "ts-start.mp3"; sourceTree = "<group>"; };
		76B0BDA21C213E2800EF33FB /* ts-move.mp3 */ = {isa = PBXFileReference; lastKnownFileType = audio.mp3; path = "ts-move.mp3"; sourceTree = "<group>"; };
		76C5D65C1C1F6EE000DA0CD8 /* ts-bg.mp3 */ = {isa = PBXFileReference; lastKnownFileType = audio.mp3; path = "ts-bg.mp3"; sourceTree = "<group>"; };
		76E576061C221770007A0EEF /* ts-win.mp3 */ = {isa = PBXFileReference; lastKnownFileType = audio.mp3; path = "ts-win.mp3"; sourceTree = "<group>"; };
		76E576081C221855007A0EEF /* ts-over.wav */ = {isa = PBXFileReference; lastKnownFileType = audio.wav; path = "ts-over.wav"; sourceTree = "<group>"; };
		76E5760A1C221ACF007A0EEF /* ts-bomb.mp3 */ = {isa = PBXFileReference; lastKnownFileType = audio.mp3; path = "ts-bomb.mp3"; sourceTree = "<group>"; };
/* End PBXFileReference section */

/* Begin PBXFrameworksBuildPhase section */
		7668EE431C1D59D3004F60D7 /* Frameworks */ = {
			isa = PBXFrameworksBuildPhase;
			buildActionMask = 2147483647;
			files = (
			);
			runOnlyForDeploymentPostprocessing = 0;
		};
/* End PBXFrameworksBuildPhase section */

/* Begin PBXGroup section */
		7663C9B01C20C194006E693D /* Scenes */ = {
			isa = PBXGroup;
			children = (
				7668EE521C1D59D3004F60D7 /* GameScene.sks */,
				7663C9B11C20C1E8006E693D /* Wall.sks */,
				7663C9B31C20C39C006E693D /* Blocks.sks */,
				76B0BD9C1C212F5C00EF33FB /* GameStart.sks */,
				76B0BD9E1C212FCF00EF33FB /* GameEnd.sks */,
			);
			name = Scenes;
			sourceTree = "<group>";
		};
		7668EE3D1C1D59D3004F60D7 = {
			isa = PBXGroup;
			children = (
				7668EE481C1D59D3004F60D7 /* Tank Strike */,
				7668EE471C1D59D3004F60D7 /* Products */,
			);
			sourceTree = "<group>";
		};
		7668EE471C1D59D3004F60D7 /* Products */ = {
			isa = PBXGroup;
			children = (
				7668EE461C1D59D3004F60D7 /* Tank Strike.app */,
			);
			name = Products;
			sourceTree = "<group>";
		};
		7668EE481C1D59D3004F60D7 /* Tank Strike */ = {
			isa = PBXGroup;
			children = (
				7668EE4C1C1D59D3004F60D7 /* AppDelegate.h */,
				7668EE4D1C1D59D3004F60D7 /* AppDelegate.m */,
				76B0BD991C212F2700EF33FB /* GameStartScene.h */,
				76B0BD9A1C212F2700EF33FB /* GameStartScene.m */,
				7668EE4F1C1D59D3004F60D7 /* GameScene.h */,
				7668EE501C1D59D3004F60D7 /* GameScene.m */,
				76B0BD961C212F0900EF33FB /* GameEndScene.h */,
				76B0BD971C212F0900EF33FB /* GameEndScene.m */,
				7668EE541C1D59D3004F60D7 /* GameViewController.h */,
				7668EE551C1D59D3004F60D7 /* GameViewController.m */,
				7668EE571C1D59D3004F60D7 /* Main.storyboard */,
				7663C9B01C20C194006E693D /* Scenes */,
				76C5D65B1C1F6EE000DA0CD8 /* Sounds */,
				7668EE5A1C1D59D3004F60D7 /* Assets.xcassets */,
				7668EE5C1C1D59D3004F60D7 /* LaunchScreen.storyboard */,
				7668EE5F1C1D59D3004F60D7 /* Info.plist */,
				7668EE491C1D59D3004F60D7 /* Supporting Files */,
			);
			path = "Tank Strike";
			sourceTree = "<group>";
		};
		7668EE491C1D59D3004F60D7 /* Supporting Files */ = {
			isa = PBXGroup;
			children = (
				7668EE4A1C1D59D3004F60D7 /* main.m */,
			);
			name = "Supporting Files";
			sourceTree = "<group>";
		};
		76C5D65B1C1F6EE000DA0CD8 /* Sounds */ = {
			isa = PBXGroup;
			children = (
				76B0BDA21C213E2800EF33FB /* ts-move.mp3 */,
				76E5760A1C221ACF007A0EEF /* ts-bomb.mp3 */,
				76B0BDA01C21384900EF33FB /* ts-start.mp3 */,
				76E576081C221855007A0EEF /* ts-over.wav */,
				76C5D65C1C1F6EE000DA0CD8 /* ts-bg.mp3 */,
				76E576061C221770007A0EEF /* ts-win.mp3 */,
			);
			path = Sounds;
			sourceTree = "<group>";
		};
/* End PBXGroup section */

/* Begin PBXNativeTarget section */
		7668EE451C1D59D3004F60D7 /* Tank Strike */ = {
			isa = PBXNativeTarget;
			buildConfigurationList = 7668EE621C1D59D3004F60D7 /* Build configuration list for PBXNativeTarget "Tank Strike" */;
			buildPhases = (
				7668EE421C1D59D3004F60D7 /* Sources */,
				7668EE431C1D59D3004F60D7 /* Frameworks */,
				7668EE441C1D59D3004F60D7 /* Resources */,
			);
			buildRules = (
			);
			dependencies = (
			);
			name = "Tank Strike";
			productName = "Dark Escape";
			productReference = 7668EE461C1D59D3004F60D7 /* Tank Strike.app */;
			productType = "com.apple.product-type.application";
		};
/* End PBXNativeTarget section */

/* Begin PBXProject section */
		7668EE3E1C1D59D3004F60D7 /* Project object */ = {
			isa = PBXProject;
			attributes = {
				LastUpgradeCheck = 0720;
				ORGANIZATIONNAME = DX;
				TargetAttributes = {
					7668EE451C1D59D3004F60D7 = {
						CreatedOnToolsVersion = 7.2;
						DevelopmentTeam = MY2MNC4AMN;
					};
				};
			};
			buildConfigurationList = 7668EE411C1D59D3004F60D7 /* Build configuration list for PBXProject "Tank Strike" */;
			compatibilityVersion = "Xcode 3.2";
			developmentRegion = English;
			hasScannedForEncodings = 0;
			knownRegions = (
				en,
				Base,
			);
			mainGroup = 7668EE3D1C1D59D3004F60D7;
			productRefGroup = 7668EE471C1D59D3004F60D7 /* Products */;
			projectDirPath = "";
			projectRoot = "";
			targets = (
				7668EE451C1D59D3004F60D7 /* Tank Strike */,
			);
		};
/* End PBXProject section */

/* Begin PBXResourcesBuildPhase section */
		7668EE441C1D59D3004F60D7 /* Resources */ = {
			isa = PBXResourcesBuildPhase;
			buildActionMask = 2147483647;
			files = (
				76B0BD9D1C212F5C00EF33FB /* GameStart.sks in Resources */,
				76E576071C221770007A0EEF /* ts-win.mp3 in Resources */,
				7668EE531C1D59D3004F60D7 /* GameScene.sks in Resources */,
				76B0BDA31C213E2800EF33FB /* ts-move.mp3 in Resources */,
				7668EE5E1C1D59D3004F60D7 /* LaunchScreen.storyboard in Resources */,
				76C5D6611C1F6EE000DA0CD8 /* ts-bg.mp3 in Resources */,
				76B0BD9F1C212FCF00EF33FB /* GameEnd.sks in Resources */,
				7663C9B21C20C1E8006E693D /* Wall.sks in Resources */,
				76E576091C221855007A0EEF /* ts-over.wav in Resources */,
				76B0BDA11C21384900EF33FB /* ts-start.mp3 in Resources */,
				7663C9B41C20C39C006E693D /* Blocks.sks in Resources */,
				7668EE5B1C1D59D3004F60D7 /* Assets.xcassets in Resources */,
				7668EE591C1D59D3004F60D7 /* Main.storyboard in Resources */,
				76E5760B1C221ACF007A0EEF /* ts-bomb.mp3 in Resources */,
			);
			runOnlyForDeploymentPostprocessing = 0;
		};
/* End PBXResourcesBuildPhase section */

/* Begin PBXSourcesBuildPhase section */
		7668EE421C1D59D3004F60D7 /* Sources */ = {
			isa = PBXSourcesBuildPhase;
			buildActionMask = 2147483647;
			files = (
				7668EE561C1D59D3004F60D7 /* GameViewController.m in Sources */,
				7668EE4E1C1D59D3004F60D7 /* AppDelegate.m in Sources */,
				7668EE511C1D59D3004F60D7 /* GameScene.m in Sources */,
				7668EE4B1C1D59D3004F60D7 /* main.m in Sources */,
				76B0BD981C212F0900EF33FB /* GameEndScene.m in Sources */,
				76B0BD9B1C212F2700EF33FB /* GameStartScene.m in Sources */,
			);
			runOnlyForDeploymentPostprocessing = 0;
		};
/* End PBXSourcesBuildPhase section */

/* Begin PBXVariantGroup section */
		7668EE571C1D59D3004F60D7 /* Main.storyboard */ = {
			isa = PBXVariantGroup;
			children = (
				7668EE581C1D59D3004F60D7 /* Base */,
			);
			name = Main.storyboard;
			sourceTree = "<group>";
		};
		7668EE5C1C1D59D3004F60D7 /* LaunchScreen.storyboard */ = {
			isa = PBXVariantGroup;
			children = (
				7668EE5D1C1D59D3004F60D7 /* Base */,
			);
			name = LaunchScreen.storyboard;
			sourceTree = "<group>";
		};
/* End PBXVariantGroup section */

/* Begin XCBuildConfiguration section */
		7668EE601C1D59D3004F60D7 /* Debug */ = {
			isa = XCBuildConfiguration;
			buildSettings = {
				ALWAYS_SEARCH_USER_PATHS = NO;
				CLANG_CXX_LANGUAGE_STANDARD = "gnu++0x";
				CLANG_CXX_LIBRARY = "libc++";
				CLANG_ENABLE_MODULES = YES;
				CLANG_ENABLE_OBJC_ARC = YES;
				CLANG_WARN_BOOL_CONVERSION = YES;
				CLANG_WARN_CONSTANT_CONVERSION = YES;
				CLANG_WARN_DIRECT_OBJC_ISA_USAGE = YES_ERROR;
				CLANG_WARN_EMPTY_BODY = YES;
				CLANG_WARN_ENUM_CONVERSION = YES;
				CLANG_WARN_INT_CONVERSION = YES;
				CLANG_WARN_OBJC_ROOT_CLASS = YES_ERROR;
				CLANG_WARN_UNREACHABLE_CODE = YES;
				CLANG_WARN__DUPLICATE_METHOD_MATCH = YES;
				"CODE_SIGN_IDENTITY[sdk=iphoneos*]" = "iPhone Developer";
				COPY_PHASE_STRIP = NO;
				DEBUG_INFORMATION_FORMAT = "dwarf-with-dsym";
				ENABLE_STRICT_OBJC_MSGSEND = YES;
				ENABLE_TESTABILITY = YES;
				GCC_C_LANGUAGE_STANDARD = gnu99;
				GCC_DYNAMIC_NO_PIC = NO;
				GCC_NO_COMMON_BLOCKS = YES;
				GCC_OPTIMIZATION_LEVEL = 0;
				GCC_PREPROCESSOR_DEFINITIONS = (
					"DEBUG=1",
					"$(inherited)",
				);
				GCC_WARN_64_TO_32_BIT_CONVERSION = YES;
				GCC_WARN_ABOUT_RETURN_TYPE = YES_ERROR;
				GCC_WARN_UNDECLARED_SELECTOR = YES;
				GCC_WARN_UNINITIALIZED_AUTOS = YES_AGGRESSIVE;
				GCC_WARN_UNUSED_FUNCTION = YES;
				GCC_WARN_UNUSED_VARIABLE = YES;
				IPHONEOS_DEPLOYMENT_TARGET = 9.2;
				MTL_ENABLE_DEBUG_INFO = YES;
				ONLY_ACTIVE_ARCH = YES;
				SDKROOT = iphoneos;
			};
			name = Debug;
		};
		7668EE611C1D59D3004F60D7 /* Release */ = {
			isa = XCBuildConfiguration;
			buildSettings = {
				ALWAYS_SEARCH_USER_PATHS = NO;
				CLANG_CXX_LANGUAGE_STANDARD = "gnu++0x";
				CLANG_CXX_LIBRARY = "libc++";
				CLANG_ENABLE_MODULES = YES;
				CLANG_ENABLE_OBJC_ARC = YES;
				CLANG_WARN_BOOL_CONVERSION = YES;
				CLANG_WARN_CONSTANT_CONVERSION = YES;
				CLANG_WARN_DIRECT_OBJC_ISA_USAGE = YES_ERROR;
				CLANG_WARN_EMPTY_BODY = YES;
				CLANG_WARN_ENUM_CONVERSION = YES;
				CLANG_WARN_INT_CONVERSION = YES;
				CLANG_WARN_OBJC_ROOT_CLASS = YES_ERROR;
				CLANG_WARN_UNREACHABLE_CODE = YES;
				CLANG_WARN__DUPLICATE_METHOD_MATCH = YES;
				"CODE_SIGN_IDENTITY[sdk=iphoneos*]" = "iPhone Developer";
				COPY_PHASE_STRIP = NO;
				DEBUG_INFORMATION_FORMAT = "dwarf-with-dsym";
				ENABLE_NS_ASSERTIONS = NO;
				ENABLE_STRICT_OBJC_MSGSEND = YES;
				GCC_C_LANGUAGE_STANDARD = gnu99;
				GCC_NO_COMMON_BLOCKS = YES;
				GCC_WARN_64_TO_32_BIT_CONVERSION = YES;
				GCC_WARN_ABOUT_RETURN_TYPE = YES_ERROR;
				GCC_WARN_UNDECLARED_SELECTOR = YES;
				GCC_WARN_UNINITIALIZED_AUTOS = YES_AGGRESSIVE;
				GCC_WARN_UNUSED_FUNCTION = YES;
				GCC_WARN_UNUSED_VARIABLE = YES;
				IPHONEOS_DEPLOYMENT_TARGET = 9.2;
				MTL_ENABLE_DEBUG_INFO = NO;
				SDKROOT = iphoneos;
				VALIDATE_PRODUCT = YES;
			};
			name = Release;
		};
		7668EE631C1D59D3004F60D7 /* Debug */ = {
			isa = XCBuildConfiguration;
			buildSettings = {
				ASSETCATALOG_COMPILER_APPICON_NAME = AppIcon;
				INFOPLIST_FILE = "$(SRCROOT)/Tank Strike/Info.plist";
				IPHONEOS_DEPLOYMENT_TARGET = 8.0;
				LD_RUNPATH_SEARCH_PATHS = "$(inherited) @executable_path/Frameworks";
				PRODUCT_BUNDLE_IDENTIFIER = "com.dyl.herokuapp.Tank-Strike";
				PRODUCT_NAME = "Tank Strike";
			};
			name = Debug;
		};
		7668EE641C1D59D3004F60D7 /* Release */ = {
			isa = XCBuildConfiguration;
			buildSettings = {
				ASSETCATALOG_COMPILER_APPICON_NAME = AppIcon;
				INFOPLIST_FILE = "$(SRCROOT)/Tank Strike/Info.plist";
				IPHONEOS_DEPLOYMENT_TARGET = 8.0;
				LD_RUNPATH_SEARCH_PATHS = "$(inherited) @executable_path/Frameworks";
				PRODUCT_BUNDLE_IDENTIFIER = "com.dyl.herokuapp.Tank-Strike";
				PRODUCT_NAME = "Tank Strike";
			};
			name = Release;
		};
/* End XCBuildConfiguration section */

/* Begin XCConfigurationList section */
		7668EE411C1D59D3004F60D7 /* Build configuration list for PBXProject "Tank Strike" */ = {
			isa = XCConfigurationList;
			buildConfigurations = (
				7668EE601C1D59D3004F60D7 /* Debug */,
				7668EE611C1D59D3004F60D7 /* Release */,
			);
			defaultConfigurationIsVisible = 0;
			defaultConfigurationName = Release;
		};
		7668EE621C1D59D3004F60D7 /* Build configuration list for PBXNativeTarget "Tank Strike" */ = {
			isa = XCConfigurationList;
			buildConfigurations = (
				7668EE631C1D59D3004F60D7 /* Debug */,
				7668EE641C1D59D3004F60D7 /* Release */,
			);
			defaultConfigurationIsVisible = 0;
			defaultConfigurationName = Release;
		};
/* End XCConfigurationList section */
	};
	rootObject = 7668EE3E1C1D59D3004F60D7 /* Project object */;
}
