// !$*UTF8*$!
{
	archiveVersion = 1;
	classes = {
	};
	objectVersion = 46;
	objects = {

/* Begin PBXBuildFile section */
		767185A51C3B8A8500578845 /* AppDelegate.swift in Sources */ = {isa = PBXBuildFile; fileRef = 767185A41C3B8A8500578845 /* AppDelegate.swift */; };
		767185A71C3B8A8500578845 /* ViewController.swift in Sources */ = {isa = PBXBuildFile; fileRef = 767185A61C3B8A8500578845 /* ViewController.swift */; };
		767185AA1C3B8A8500578845 /* Main.storyboard in Resources */ = {isa = PBXBuildFile; fileRef = 767185A81C3B8A8500578845 /* Main.storyboard */; };
		767185AC1C3B8A8600578845 /* Assets.xcassets in Resources */ = {isa = PBXBuildFile; fileRef = 767185AB1C3B8A8600578845 /* Assets.xcassets */; };
		767185AF1C3B8A8600578845 /* LaunchScreen.storyboard in Resources */ = {isa = PBXBuildFile; fileRef = 767185AD1C3B8A8600578845 /* LaunchScreen.storyboard */; };
		767185BA1C3B8A8600578845 /* WeatherTests.swift in Sources */ = {isa = PBXBuildFile; fileRef = 767185B91C3B8A8600578845 /* WeatherTests.swift */; };
/* End PBXBuildFile section */

/* Begin PBXContainerItemProxy section */
		767185B61C3B8A8600578845 /* PBXContainerItemProxy */ = {
			isa = PBXContainerItemProxy;
			containerPortal = 767185991C3B8A8500578845 /* Project object */;
			proxyType = 1;
			remoteGlobalIDString = 767185A01C3B8A8500578845;
			remoteInfo = Weather;
		};
/* End PBXContainerItemProxy section */

/* Begin PBXFileReference section */
		767185A11C3B8A8500578845 /* Weather.app */ = {isa = PBXFileReference; explicitFileType = wrapper.application; includeInIndex = 0; path = Weather.app; sourceTree = BUILT_PRODUCTS_DIR; };
		767185A41C3B8A8500578845 /* AppDelegate.swift */ = {isa = PBXFileReference; lastKnownFileType = sourcecode.swift; path = AppDelegate.swift; sourceTree = "<group>"; };
		767185A61C3B8A8500578845 /* ViewController.swift */ = {isa = PBXFileReference; lastKnownFileType = sourcecode.swift; path = ViewController.swift; sourceTree = "<group>"; };
		767185A91C3B8A8500578845 /* Base */ = {isa = PBXFileReference; lastKnownFileType = file.storyboard; name = Base; path = Base.lproj/Main.storyboard; sourceTree = "<group>"; };
		767185AB1C3B8A8600578845 /* Assets.xcassets */ = {isa = PBXFileReference; lastKnownFileType = folder.assetcatalog; path = Assets.xcassets; sourceTree = "<group>"; };
		767185AE1C3B8A8600578845 /* Base */ = {isa = PBXFileReference; lastKnownFileType = file.storyboard; name = Base; path = Base.lproj/LaunchScreen.storyboard; sourceTree = "<group>"; };
		767185B01C3B8A8600578845 /* Info.plist */ = {isa = PBXFileReference; lastKnownFileType = text.plist.xml; path = Info.plist; sourceTree = "<group>"; };
		767185B51C3B8A8600578845 /* WeatherTests.xctest */ = {isa = PBXFileReference; explicitFileType = wrapper.cfbundle; includeInIndex = 0; path = WeatherTests.xctest; sourceTree = BUILT_PRODUCTS_DIR; };
		767185B91C3B8A8600578845 /* WeatherTests.swift */ = {isa = PBXFileReference; lastKnownFileType = sourcecode.swift; path = WeatherTests.swift; sourceTree = "<group>"; };
		767185BB1C3B8A8600578845 /* Info.plist */ = {isa = PBXFileReference; lastKnownFileType = text.plist.xml; path = Info.plist; sourceTree = "<group>"; };
/* End PBXFileReference section */

/* Begin PBXFrameworksBuildPhase section */
		7671859E1C3B8A8500578845 /* Frameworks */ = {
			isa = PBXFrameworksBuildPhase;
			buildActionMask = 2147483647;
			files = (
			);
			runOnlyForDeploymentPostprocessing = 0;
		};
		767185B21C3B8A8600578845 /* Frameworks */ = {
			isa = PBXFrameworksBuildPhase;
			buildActionMask = 2147483647;
			files = (
			);
			runOnlyForDeploymentPostprocessing = 0;
		};
/* End PBXFrameworksBuildPhase section */

/* Begin PBXGroup section */
		767185981C3B8A8500578845 = {
			isa = PBXGroup;
			children = (
				767185A31C3B8A8500578845 /* Weather */,
				767185B81C3B8A8600578845 /* WeatherTests */,
				767185A21C3B8A8500578845 /* Products */,
			);
			sourceTree = "<group>";
		};
		767185A21C3B8A8500578845 /* Products */ = {
			isa = PBXGroup;
			children = (
				767185A11C3B8A8500578845 /* Weather.app */,
				767185B51C3B8A8600578845 /* WeatherTests.xctest */,
			);
			name = Products;
			sourceTree = "<group>";
		};
		767185A31C3B8A8500578845 /* Weather */ = {
			isa = PBXGroup;
			children = (
				767185A41C3B8A8500578845 /* AppDelegate.swift */,
				767185A61C3B8A8500578845 /* ViewController.swift */,
				767185A81C3B8A8500578845 /* Main.storyboard */,
				767185AB1C3B8A8600578845 /* Assets.xcassets */,
				767185AD1C3B8A8600578845 /* LaunchScreen.storyboard */,
				767185B01C3B8A8600578845 /* Info.plist */,
			);
			path = Weather;
			sourceTree = "<group>";
		};
		767185B81C3B8A8600578845 /* WeatherTests */ = {
			isa = PBXGroup;
			children = (
				767185B91C3B8A8600578845 /* WeatherTests.swift */,
				767185BB1C3B8A8600578845 /* Info.plist */,
			);
			path = WeatherTests;
			sourceTree = "<group>";
		};
/* End PBXGroup section */

/* Begin PBXNativeTarget section */
		767185A01C3B8A8500578845 /* Weather */ = {
			isa = PBXNativeTarget;
			buildConfigurationList = 767185BE1C3B8A8600578845 /* Build configuration list for PBXNativeTarget "Weather" */;
			buildPhases = (
				7671859D1C3B8A8500578845 /* Sources */,
				7671859E1C3B8A8500578845 /* Frameworks */,
				7671859F1C3B8A8500578845 /* Resources */,
			);
			buildRules = (
			);
			dependencies = (
			);
			name = Weather;
			productName = Weather;
			productReference = 767185A11C3B8A8500578845 /* Weather.app */;
			productType = "com.apple.product-type.application";
		};
		767185B41C3B8A8600578845 /* WeatherTests */ = {
			isa = PBXNativeTarget;
			buildConfigurationList = 767185C11C3B8A8600578845 /* Build configuration list for PBXNativeTarget "WeatherTests" */;
			buildPhases = (
				767185B11C3B8A8600578845 /* Sources */,
				767185B21C3B8A8600578845 /* Frameworks */,
				767185B31C3B8A8600578845 /* Resources */,
			);
			buildRules = (
			);
			dependencies = (
				767185B71C3B8A8600578845 /* PBXTargetDependency */,
			);
			name = WeatherTests;
			productName = WeatherTests;
			productReference = 767185B51C3B8A8600578845 /* WeatherTests.xctest */;
			productType = "com.apple.product-type.bundle.unit-test";
		};
/* End PBXNativeTarget section */

/* Begin PBXProject section */
		767185991C3B8A8500578845 /* Project object */ = {
			isa = PBXProject;
			attributes = {
				LastSwiftUpdateCheck = 0720;
				LastUpgradeCheck = 0720;
				ORGANIZATIONNAME = DX;
				TargetAttributes = {
					767185A01C3B8A8500578845 = {
						CreatedOnToolsVersion = 7.2;
						DevelopmentTeam = MY2MNC4AMN;
					};
					767185B41C3B8A8600578845 = {
						CreatedOnToolsVersion = 7.2;
						DevelopmentTeam = MY2MNC4AMN;
						TestTargetID = 767185A01C3B8A8500578845;
					};
				};
			};
			buildConfigurationList = 7671859C1C3B8A8500578845 /* Build configuration list for PBXProject "Weather" */;
			compatibilityVersion = "Xcode 3.2";
			developmentRegion = English;
			hasScannedForEncodings = 0;
			knownRegions = (
				en,
				Base,
			);
			mainGroup = 767185981C3B8A8500578845;
			productRefGroup = 767185A21C3B8A8500578845 /* Products */;
			projectDirPath = "";
			projectRoot = "";
			targets = (
				767185A01C3B8A8500578845 /* Weather */,
				767185B41C3B8A8600578845 /* WeatherTests */,
			);
		};
/* End PBXProject section */

/* Begin PBXResourcesBuildPhase section */
		7671859F1C3B8A8500578845 /* Resources */ = {
			isa = PBXResourcesBuildPhase;
			buildActionMask = 2147483647;
			files = (
				767185AF1C3B8A8600578845 /* LaunchScreen.storyboard in Resources */,
				767185AC1C3B8A8600578845 /* Assets.xcassets in Resources */,
				767185AA1C3B8A8500578845 /* Main.storyboard in Resources */,
			);
			runOnlyForDeploymentPostprocessing = 0;
		};
		767185B31C3B8A8600578845 /* Resources */ = {
			isa = PBXResourcesBuildPhase;
			buildActionMask = 2147483647;
			files = (
			);
			runOnlyForDeploymentPostprocessing = 0;
		};
/* End PBXResourcesBuildPhase section */

/* Begin PBXSourcesBuildPhase section */
		7671859D1C3B8A8500578845 /* Sources */ = {
			isa = PBXSourcesBuildPhase;
			buildActionMask = 2147483647;
			files = (
				767185A71C3B8A8500578845 /* ViewController.swift in Sources */,
				767185A51C3B8A8500578845 /* AppDelegate.swift in Sources */,
			);
			runOnlyForDeploymentPostprocessing = 0;
		};
		767185B11C3B8A8600578845 /* Sources */ = {
			isa = PBXSourcesBuildPhase;
			buildActionMask = 2147483647;
			files = (
				767185BA1C3B8A8600578845 /* WeatherTests.swift in Sources */,
			);
			runOnlyForDeploymentPostprocessing = 0;
		};
/* End PBXSourcesBuildPhase section */

/* Begin PBXTargetDependency section */
		767185B71C3B8A8600578845 /* PBXTargetDependency */ = {
			isa = PBXTargetDependency;
			target = 767185A01C3B8A8500578845 /* Weather */;
			targetProxy = 767185B61C3B8A8600578845 /* PBXContainerItemProxy */;
		};
/* End PBXTargetDependency section */

/* Begin PBXVariantGroup section */
		767185A81C3B8A8500578845 /* Main.storyboard */ = {
			isa = PBXVariantGroup;
			children = (
				767185A91C3B8A8500578845 /* Base */,
			);
			name = Main.storyboard;
			sourceTree = "<group>";
		};
		767185AD1C3B8A8600578845 /* LaunchScreen.storyboard */ = {
			isa = PBXVariantGroup;
			children = (
				767185AE1C3B8A8600578845 /* Base */,
			);
			name = LaunchScreen.storyboard;
			sourceTree = "<group>";
		};
/* End PBXVariantGroup section */

/* Begin XCBuildConfiguration section */
		767185BC1C3B8A8600578845 /* Debug */ = {
			isa = XCBuildConfiguration;
			buildSettings = {
				ALWAYS_SEARCH_USER_PATHS = NO;
				CLANG_CXX_LANGUAGE_STANDARD = "gnu++0x";
				CLANG_CXX_LIBRARY = "libc++";
				CLANG_ENABLE_MODULES = YES;
				CLANG_ENABLE_OBJC_ARC = YES;
				CLANG_WARN_BOOL_CONVERSION = YES;
				CLANG_WARN_CONSTANT_CONVERSION = YES;
				CLANG_WARN_DIRECT_OBJC_ISA_USAGE = YES_ERROR;
				CLANG_WARN_EMPTY_BODY = YES;
				CLANG_WARN_ENUM_CONVERSION = YES;
				CLANG_WARN_INT_CONVERSION = YES;
				CLANG_WARN_OBJC_ROOT_CLASS = YES_ERROR;
				CLANG_WARN_UNREACHABLE_CODE = YES;
				CLANG_WARN__DUPLICATE_METHOD_MATCH = YES;
				"CODE_SIGN_IDENTITY[sdk=iphoneos*]" = "iPhone Developer";
				COPY_PHASE_STRIP = NO;
				DEBUG_INFORMATION_FORMAT = dwarf;
				ENABLE_STRICT_OBJC_MSGSEND = YES;
				ENABLE_TESTABILITY = YES;
				GCC_C_LANGUAGE_STANDARD = gnu99;
				GCC_DYNAMIC_NO_PIC = NO;
				GCC_NO_COMMON_BLOCKS = YES;
				GCC_OPTIMIZATION_LEVEL = 0;
				GCC_PREPROCESSOR_DEFINITIONS = (
					"DEBUG=1",
					"$(inherited)",
				);
				GCC_WARN_64_TO_32_BIT_CONVERSION = YES;
				GCC_WARN_ABOUT_RETURN_TYPE = YES_ERROR;
				GCC_WARN_UNDECLARED_SELECTOR = YES;
				GCC_WARN_UNINITIALIZED_AUTOS = YES_AGGRESSIVE;
				GCC_WARN_UNUSED_FUNCTION = YES;
				GCC_WARN_UNUSED_VARIABLE = YES;
				IPHONEOS_DEPLOYMENT_TARGET = 9.2;
				MTL_ENABLE_DEBUG_INFO = YES;
				ONLY_ACTIVE_ARCH = YES;
				SDKROOT = iphoneos;
				SWIFT_OPTIMIZATION_LEVEL = "-Onone";
			};
			name = Debug;
		};
		767185BD1C3B8A8600578845 /* Release */ = {
			isa = XCBuildConfiguration;
			buildSettings = {
				ALWAYS_SEARCH_USER_PATHS = NO;
				CLANG_CXX_LANGUAGE_STANDARD = "gnu++0x";
				CLANG_CXX_LIBRARY = "libc++";
				CLANG_ENABLE_MODULES = YES;
				CLANG_ENABLE_OBJC_ARC = YES;
				CLANG_WARN_BOOL_CONVERSION = YES;
				CLANG_WARN_CONSTANT_CONVERSION = YES;
				CLANG_WARN_DIRECT_OBJC_ISA_USAGE = YES_ERROR;
				CLANG_WARN_EMPTY_BODY = YES;
				CLANG_WARN_ENUM_CONVERSION = YES;
				CLANG_WARN_INT_CONVERSION = YES;
				CLANG_WARN_OBJC_ROOT_CLASS = YES_ERROR;
				CLANG_WARN_UNREACHABLE_CODE = YES;
				CLANG_WARN__DUPLICATE_METHOD_MATCH = YES;
				"CODE_SIGN_IDENTITY[sdk=iphoneos*]" = "iPhone Developer";
				COPY_PHASE_STRIP = NO;
				DEBUG_INFORMATION_FORMAT = "dwarf-with-dsym";
				ENABLE_NS_ASSERTIONS = NO;
				ENABLE_STRICT_OBJC_MSGSEND = YES;
				GCC_C_LANGUAGE_STANDARD = gnu99;
				GCC_NO_COMMON_BLOCKS = YES;
				GCC_WARN_64_TO_32_BIT_CONVERSION = YES;
				GCC_WARN_ABOUT_RETURN_TYPE = YES_ERROR;
				GCC_WARN_UNDECLARED_SELECTOR = YES;
				GCC_WARN_UNINITIALIZED_AUTOS = YES_AGGRESSIVE;
				GCC_WARN_UNUSED_FUNCTION = YES;
				GCC_WARN_UNUSED_VARIABLE = YES;
				IPHONEOS_DEPLOYMENT_TARGET = 9.2;
				MTL_ENABLE_DEBUG_INFO = NO;
				SDKROOT = iphoneos;
				VALIDATE_PRODUCT = YES;
			};
			name = Release;
		};
		767185BF1C3B8A8600578845 /* Debug */ = {
			isa = XCBuildConfiguration;
			buildSettings = {
				ASSETCATALOG_COMPILER_APPICON_NAME = AppIcon;
				INFOPLIST_FILE = Weather/Info.plist;
				LD_RUNPATH_SEARCH_PATHS = "$(inherited) @executable_path/Frameworks";
				PRODUCT_BUNDLE_IDENTIFIER = com.dyl.herokuapp.Weather;
				PRODUCT_NAME = "$(TARGET_NAME)";
			};
			name = Debug;
		};
		767185C01C3B8A8600578845 /* Release */ = {
			isa = XCBuildConfiguration;
			buildSettings = {
				ASSETCATALOG_COMPILER_APPICON_NAME = AppIcon;
				INFOPLIST_FILE = Weather/Info.plist;
				LD_RUNPATH_SEARCH_PATHS = "$(inherited) @executable_path/Frameworks";
				PRODUCT_BUNDLE_IDENTIFIER = com.dyl.herokuapp.Weather;
				PRODUCT_NAME = "$(TARGET_NAME)";
			};
			name = Release;
		};
		767185C21C3B8A8600578845 /* Debug */ = {
			isa = XCBuildConfiguration;
			buildSettings = {
				BUNDLE_LOADER = "$(TEST_HOST)";
				INFOPLIST_FILE = WeatherTests/Info.plist;
				LD_RUNPATH_SEARCH_PATHS = "$(inherited) @executable_path/Frameworks @loader_path/Frameworks";
				PRODUCT_BUNDLE_IDENTIFIER = com.dyl.herokuapp.WeatherTests;
				PRODUCT_NAME = "$(TARGET_NAME)";
				TEST_HOST = "$(BUILT_PRODUCTS_DIR)/Weather.app/Weather";
			};
			name = Debug;
		};
		767185C31C3B8A8600578845 /* Release */ = {
			isa = XCBuildConfiguration;
			buildSettings = {
				BUNDLE_LOADER = "$(TEST_HOST)";
				INFOPLIST_FILE = WeatherTests/Info.plist;
				LD_RUNPATH_SEARCH_PATHS = "$(inherited) @executable_path/Frameworks @loader_path/Frameworks";
				PRODUCT_BUNDLE_IDENTIFIER = com.dyl.herokuapp.WeatherTests;
				PRODUCT_NAME = "$(TARGET_NAME)";
				TEST_HOST = "$(BUILT_PRODUCTS_DIR)/Weather.app/Weather";
			};
			name = Release;
		};
/* End XCBuildConfiguration section */

/* Begin XCConfigurationList section */
		7671859C1C3B8A8500578845 /* Build configuration list for PBXProject "Weather" */ = {
			isa = XCConfigurationList;
			buildConfigurations = (
				767185BC1C3B8A8600578845 /* Debug */,
				767185BD1C3B8A8600578845 /* Release */,
			);
			defaultConfigurationIsVisible = 0;
			defaultConfigurationName = Release;
		};
		767185BE1C3B8A8600578845 /* Build configuration list for PBXNativeTarget "Weather" */ = {
			isa = XCConfigurationList;
			buildConfigurations = (
				767185BF1C3B8A8600578845 /* Debug */,
				767185C01C3B8A8600578845 /* Release */,
			);
			defaultConfigurationIsVisible = 0;
		};
		767185C11C3B8A8600578845 /* Build configuration list for PBXNativeTarget "WeatherTests" */ = {
			isa = XCConfigurationList;
			buildConfigurations = (
				767185C21C3B8A8600578845 /* Debug */,
				767185C31C3B8A8600578845 /* Release */,
			);
			defaultConfigurationIsVisible = 0;
		};
/* End XCConfigurationList section */
	};
	rootObject = 767185991C3B8A8500578845 /* Project object */;
}
