// !$*UTF8*$!
{
	archiveVersion = 1;
	classes = {
	};
	objectVersion = 46;
	objects = {

/* Begin PBXBuildFile section */
		7637730E1C41D45700037868 /* DiscoverTableCell.swift in Sources */ = {isa = PBXBuildFile; fileRef = 7637730D1C41D45700037868 /* DiscoverTableCell.swift */; };
		763773101C41D46600037868 /* DiscoverTableCell.xib in Resources */ = {isa = PBXBuildFile; fileRef = 7637730F1C41D46600037868 /* DiscoverTableCell.xib */; };
		763773121C41D48E00037868 /* DiscoverSectionView.xib in Resources */ = {isa = PBXBuildFile; fileRef = 763773111C41D48E00037868 /* DiscoverSectionView.xib */; };
		763773141C41D4A400037868 /* DiscoverSectionView.swift in Sources */ = {isa = PBXBuildFile; fileRef = 763773131C41D4A400037868 /* DiscoverSectionView.swift */; };
		763773181C43428100037868 /* NewsViewController.swift in Sources */ = {isa = PBXBuildFile; fileRef = 763773171C43428100037868 /* NewsViewController.swift */; };
		7637731A1C4342AE00037868 /* RumorViewController.swift in Sources */ = {isa = PBXBuildFile; fileRef = 763773191C4342AE00037868 /* RumorViewController.swift */; };
		7637731C1C4342BF00037868 /* HotViewController.swift in Sources */ = {isa = PBXBuildFile; fileRef = 7637731B1C4342BF00037868 /* HotViewController.swift */; };
		76B17C831C40D120009E24D0 /* ArticleViewController.swift in Sources */ = {isa = PBXBuildFile; fileRef = 76B17C821C40D120009E24D0 /* ArticleViewController.swift */; };
		76B17C851C40D13F009E24D0 /* QuestionViewController.swift in Sources */ = {isa = PBXBuildFile; fileRef = 76B17C841C40D13F009E24D0 /* QuestionViewController.swift */; };
		76B17C871C40D156009E24D0 /* DiscoverViewController.swift in Sources */ = {isa = PBXBuildFile; fileRef = 76B17C861C40D156009E24D0 /* DiscoverViewController.swift */; };
		76B17C891C40D16E009E24D0 /* SearchViewController.swift in Sources */ = {isa = PBXBuildFile; fileRef = 76B17C881C40D16E009E24D0 /* SearchViewController.swift */; };
		76B17C8B1C40D17E009E24D0 /* ProfileViewController.swift in Sources */ = {isa = PBXBuildFile; fileRef = 76B17C8A1C40D17E009E24D0 /* ProfileViewController.swift */; };
		76B17C8F1C40E1CF009E24D0 /* ProfileHeaderView.swift in Sources */ = {isa = PBXBuildFile; fileRef = 76B17C8E1C40E1CF009E24D0 /* ProfileHeaderView.swift */; };
		76B17C921C40E237009E24D0 /* ProfileHeaderView.xib in Resources */ = {isa = PBXBuildFile; fileRef = 76B17C911C40E237009E24D0 /* ProfileHeaderView.xib */; };
		76B17C941C40E8C0009E24D0 /* UIBarExtension.swift in Sources */ = {isa = PBXBuildFile; fileRef = 76B17C931C40E8C0009E24D0 /* UIBarExtension.swift */; };
		76E4A7291C38F0F200EC9755 /* AppDelegate.swift in Sources */ = {isa = PBXBuildFile; fileRef = 76E4A7281C38F0F200EC9755 /* AppDelegate.swift */; };
		76E4A72B1C38F0F200EC9755 /* ViewController.swift in Sources */ = {isa = PBXBuildFile; fileRef = 76E4A72A1C38F0F200EC9755 /* ViewController.swift */; };
		76E4A72E1C38F0F200EC9755 /* Main.storyboard in Resources */ = {isa = PBXBuildFile; fileRef = 76E4A72C1C38F0F200EC9755 /* Main.storyboard */; };
		76E4A7301C38F0F200EC9755 /* Assets.xcassets in Resources */ = {isa = PBXBuildFile; fileRef = 76E4A72F1C38F0F200EC9755 /* Assets.xcassets */; };
		76E4A7331C38F0F200EC9755 /* LaunchScreen.storyboard in Resources */ = {isa = PBXBuildFile; fileRef = 76E4A7311C38F0F200EC9755 /* LaunchScreen.storyboard */; };
		76E4A73E1C38F0F200EC9755 /* TabView_DemoTests.swift in Sources */ = {isa = PBXBuildFile; fileRef = 76E4A73D1C38F0F200EC9755 /* TabView_DemoTests.swift */; };
/* End PBXBuildFile section */

/* Begin PBXContainerItemProxy section */
		76E4A73A1C38F0F200EC9755 /* PBXContainerItemProxy */ = {
			isa = PBXContainerItemProxy;
			containerPortal = 76E4A71D1C38F0F200EC9755 /* Project object */;
			proxyType = 1;
			remoteGlobalIDString = 76E4A7241C38F0F200EC9755;
			remoteInfo = "TabView Demo";
		};
/* End PBXContainerItemProxy section */

/* Begin PBXFileReference section */
		7637730D1C41D45700037868 /* DiscoverTableCell.swift */ = {isa = PBXFileReference; fileEncoding = 4; lastKnownFileType = sourcecode.swift; path = DiscoverTableCell.swift; sourceTree = "<group>"; };
		7637730F1C41D46600037868 /* DiscoverTableCell.xib */ = {isa = PBXFileReference; fileEncoding = 4; lastKnownFileType = file.xib; path = DiscoverTableCell.xib; sourceTree = "<group>"; };
		763773111C41D48E00037868 /* DiscoverSectionView.xib */ = {isa = PBXFileReference; fileEncoding = 4; lastKnownFileType = file.xib; path = DiscoverSectionView.xib; sourceTree = "<group>"; };
		763773131C41D4A400037868 /* DiscoverSectionView.swift */ = {isa = PBXFileReference; fileEncoding = 4; lastKnownFileType = sourcecode.swift; path = DiscoverSectionView.swift; sourceTree = "<group>"; };
		763773171C43428100037868 /* NewsViewController.swift */ = {isa = PBXFileReference; fileEncoding = 4; lastKnownFileType = sourcecode.swift; path = NewsViewController.swift; sourceTree = "<group>"; };
		763773191C4342AE00037868 /* RumorViewController.swift */ = {isa = PBXFileReference; fileEncoding = 4; lastKnownFileType = sourcecode.swift; path = RumorViewController.swift; sourceTree = "<group>"; };
		7637731B1C4342BF00037868 /* HotViewController.swift */ = {isa = PBXFileReference; fileEncoding = 4; lastKnownFileType = sourcecode.swift; path = HotViewController.swift; sourceTree = "<group>"; };
		76B17C821C40D120009E24D0 /* ArticleViewController.swift */ = {isa = PBXFileReference; fileEncoding = 4; lastKnownFileType = sourcecode.swift; path = ArticleViewController.swift; sourceTree = "<group>"; };
		76B17C841C40D13F009E24D0 /* QuestionViewController.swift */ = {isa = PBXFileReference; fileEncoding = 4; lastKnownFileType = sourcecode.swift; path = QuestionViewController.swift; sourceTree = "<group>"; };
		76B17C861C40D156009E24D0 /* DiscoverViewController.swift */ = {isa = PBXFileReference; fileEncoding = 4; lastKnownFileType = sourcecode.swift; path = DiscoverViewController.swift; sourceTree = "<group>"; };
		76B17C881C40D16E009E24D0 /* SearchViewController.swift */ = {isa = PBXFileReference; fileEncoding = 4; lastKnownFileType = sourcecode.swift; path = SearchViewController.swift; sourceTree = "<group>"; };
		76B17C8A1C40D17E009E24D0 /* ProfileViewController.swift */ = {isa = PBXFileReference; fileEncoding = 4; lastKnownFileType = sourcecode.swift; path = ProfileViewController.swift; sourceTree = "<group>"; };
		76B17C8E1C40E1CF009E24D0 /* ProfileHeaderView.swift */ = {isa = PBXFileReference; fileEncoding = 4; lastKnownFileType = sourcecode.swift; path = ProfileHeaderView.swift; sourceTree = "<group>"; };
		76B17C911C40E237009E24D0 /* ProfileHeaderView.xib */ = {isa = PBXFileReference; fileEncoding = 4; lastKnownFileType = file.xib; path = ProfileHeaderView.xib; sourceTree = "<group>"; };
		76B17C931C40E8C0009E24D0 /* UIBarExtension.swift */ = {isa = PBXFileReference; fileEncoding = 4; lastKnownFileType = sourcecode.swift; path = UIBarExtension.swift; sourceTree = "<group>"; };
		76E4A7251C38F0F200EC9755 /* TabView Demo.app */ = {isa = PBXFileReference; explicitFileType = wrapper.application; includeInIndex = 0; path = "TabView Demo.app"; sourceTree = BUILT_PRODUCTS_DIR; };
		76E4A7281C38F0F200EC9755 /* AppDelegate.swift */ = {isa = PBXFileReference; lastKnownFileType = sourcecode.swift; path = AppDelegate.swift; sourceTree = "<group>"; };
		76E4A72A1C38F0F200EC9755 /* ViewController.swift */ = {isa = PBXFileReference; lastKnownFileType = sourcecode.swift; path = ViewController.swift; sourceTree = "<group>"; };
		76E4A72D1C38F0F200EC9755 /* Base */ = {isa = PBXFileReference; lastKnownFileType = file.storyboard; name = Base; path = Base.lproj/Main.storyboard; sourceTree = "<group>"; };
		76E4A72F1C38F0F200EC9755 /* Assets.xcassets */ = {isa = PBXFileReference; lastKnownFileType = folder.assetcatalog; path = Assets.xcassets; sourceTree = "<group>"; };
		76E4A7321C38F0F200EC9755 /* Base */ = {isa = PBXFileReference; lastKnownFileType = file.storyboard; name = Base; path = Base.lproj/LaunchScreen.storyboard; sourceTree = "<group>"; };
		76E4A7341C38F0F200EC9755 /* Info.plist */ = {isa = PBXFileReference; lastKnownFileType = text.plist.xml; path = Info.plist; sourceTree = "<group>"; };
		76E4A7391C38F0F200EC9755 /* TabView DemoTests.xctest */ = {isa = PBXFileReference; explicitFileType = wrapper.cfbundle; includeInIndex = 0; path = "TabView DemoTests.xctest"; sourceTree = BUILT_PRODUCTS_DIR; };
		76E4A73D1C38F0F200EC9755 /* TabView_DemoTests.swift */ = {isa = PBXFileReference; lastKnownFileType = sourcecode.swift; path = TabView_DemoTests.swift; sourceTree = "<group>"; };
		76E4A73F1C38F0F200EC9755 /* Info.plist */ = {isa = PBXFileReference; lastKnownFileType = text.plist.xml; path = Info.plist; sourceTree = "<group>"; };
/* End PBXFileReference section */

/* Begin PBXFrameworksBuildPhase section */
		76E4A7221C38F0F200EC9755 /* Frameworks */ = {
			isa = PBXFrameworksBuildPhase;
			buildActionMask = 2147483647;
			files = (
			);
			runOnlyForDeploymentPostprocessing = 0;
		};
		76E4A7361C38F0F200EC9755 /* Frameworks */ = {
			isa = PBXFrameworksBuildPhase;
			buildActionMask = 2147483647;
			files = (
			);
			runOnlyForDeploymentPostprocessing = 0;
		};
/* End PBXFrameworksBuildPhase section */

/* Begin PBXGroup section */
		7637731D1C4342CA00037868 /* ArticleViewController */ = {
			isa = PBXGroup;
			children = (
				76B17C821C40D120009E24D0 /* ArticleViewController.swift */,
				763773171C43428100037868 /* NewsViewController.swift */,
				7637731B1C4342BF00037868 /* HotViewController.swift */,
				763773191C4342AE00037868 /* RumorViewController.swift */,
			);
			name = ArticleViewController;
			sourceTree = "<group>";
		};
		76B17C8C1C40D22D009E24D0 /* TabViewController */ = {
			isa = PBXGroup;
			children = (
				76B17C901C40E1F2009E24D0 /* SubViews */,
				7637731D1C4342CA00037868 /* ArticleViewController */,
				76B17C841C40D13F009E24D0 /* QuestionViewController.swift */,
				76B17C861C40D156009E24D0 /* DiscoverViewController.swift */,
				76B17C881C40D16E009E24D0 /* SearchViewController.swift */,
				76B17C8A1C40D17E009E24D0 /* ProfileViewController.swift */,
			);
			name = TabViewController;
			sourceTree = "<group>";
		};
		76B17C8D1C40DFD2009E24D0 /* InitialSetup */ = {
			isa = PBXGroup;
			children = (
				76E4A72A1C38F0F200EC9755 /* ViewController.swift */,
				76E4A72C1C38F0F200EC9755 /* Main.storyboard */,
				76E4A7311C38F0F200EC9755 /* LaunchScreen.storyboard */,
			);
			name = InitialSetup;
			sourceTree = "<group>";
		};
		76B17C901C40E1F2009E24D0 /* SubViews */ = {
			isa = PBXGroup;
			children = (
				76B17C8E1C40E1CF009E24D0 /* ProfileHeaderView.swift */,
				76B17C911C40E237009E24D0 /* ProfileHeaderView.xib */,
				7637730D1C41D45700037868 /* DiscoverTableCell.swift */,
				7637730F1C41D46600037868 /* DiscoverTableCell.xib */,
				763773131C41D4A400037868 /* DiscoverSectionView.swift */,
				763773111C41D48E00037868 /* DiscoverSectionView.xib */,
			);
			name = SubViews;
			sourceTree = "<group>";
		};
		76E4A71C1C38F0F200EC9755 = {
			isa = PBXGroup;
			children = (
				76E4A7271C38F0F200EC9755 /* TabView Demo */,
				76E4A73C1C38F0F200EC9755 /* TabView DemoTests */,
				76E4A7261C38F0F200EC9755 /* Products */,
			);
			sourceTree = "<group>";
		};
		76E4A7261C38F0F200EC9755 /* Products */ = {
			isa = PBXGroup;
			children = (
				76E4A7251C38F0F200EC9755 /* TabView Demo.app */,
				76E4A7391C38F0F200EC9755 /* TabView DemoTests.xctest */,
			);
			name = Products;
			sourceTree = "<group>";
		};
		76E4A7271C38F0F200EC9755 /* TabView Demo */ = {
			isa = PBXGroup;
			children = (
				76E4A7281C38F0F200EC9755 /* AppDelegate.swift */,
				76B17C931C40E8C0009E24D0 /* UIBarExtension.swift */,
				76B17C8C1C40D22D009E24D0 /* TabViewController */,
				76B17C8D1C40DFD2009E24D0 /* InitialSetup */,
				76E4A72F1C38F0F200EC9755 /* Assets.xcassets */,
				76E4A7341C38F0F200EC9755 /* Info.plist */,
			);
			path = "TabView Demo";
			sourceTree = "<group>";
		};
		76E4A73C1C38F0F200EC9755 /* TabView DemoTests */ = {
			isa = PBXGroup;
			children = (
				76E4A73D1C38F0F200EC9755 /* TabView_DemoTests.swift */,
				76E4A73F1C38F0F200EC9755 /* Info.plist */,
			);
			path = "TabView DemoTests";
			sourceTree = "<group>";
		};
/* End PBXGroup section */

/* Begin PBXNativeTarget section */
		76E4A7241C38F0F200EC9755 /* TabView Demo */ = {
			isa = PBXNativeTarget;
			buildConfigurationList = 76E4A7421C38F0F200EC9755 /* Build configuration list for PBXNativeTarget "TabView Demo" */;
			buildPhases = (
				76E4A7211C38F0F200EC9755 /* Sources */,
				76E4A7221C38F0F200EC9755 /* Frameworks */,
				76E4A7231C38F0F200EC9755 /* Resources */,
			);
			buildRules = (
			);
			dependencies = (
			);
			name = "TabView Demo";
			productName = "TabView Demo";
			productReference = 76E4A7251C38F0F200EC9755 /* TabView Demo.app */;
			productType = "com.apple.product-type.application";
		};
		76E4A7381C38F0F200EC9755 /* TabView DemoTests */ = {
			isa = PBXNativeTarget;
			buildConfigurationList = 76E4A7451C38F0F200EC9755 /* Build configuration list for PBXNativeTarget "TabView DemoTests" */;
			buildPhases = (
				76E4A7351C38F0F200EC9755 /* Sources */,
				76E4A7361C38F0F200EC9755 /* Frameworks */,
				76E4A7371C38F0F200EC9755 /* Resources */,
			);
			buildRules = (
			);
			dependencies = (
				76E4A73B1C38F0F200EC9755 /* PBXTargetDependency */,
			);
			name = "TabView DemoTests";
			productName = "TabView DemoTests";
			productReference = 76E4A7391C38F0F200EC9755 /* TabView DemoTests.xctest */;
			productType = "com.apple.product-type.bundle.unit-test";
		};
/* End PBXNativeTarget section */

/* Begin PBXProject section */
		76E4A71D1C38F0F200EC9755 /* Project object */ = {
			isa = PBXProject;
			attributes = {
				LastSwiftUpdateCheck = 0720;
				LastUpgradeCheck = 0720;
				ORGANIZATIONNAME = DX;
				TargetAttributes = {
					76E4A7241C38F0F200EC9755 = {
						CreatedOnToolsVersion = 7.2;
						DevelopmentTeam = MY2MNC4AMN;
					};
					76E4A7381C38F0F200EC9755 = {
						CreatedOnToolsVersion = 7.2;
						DevelopmentTeam = MY2MNC4AMN;
						TestTargetID = 76E4A7241C38F0F200EC9755;
					};
				};
			};
			buildConfigurationList = 76E4A7201C38F0F200EC9755 /* Build configuration list for PBXProject "TabView Demo" */;
			compatibilityVersion = "Xcode 3.2";
			developmentRegion = English;
			hasScannedForEncodings = 0;
			knownRegions = (
				en,
				Base,
			);
			mainGroup = 76E4A71C1C38F0F200EC9755;
			productRefGroup = 76E4A7261C38F0F200EC9755 /* Products */;
			projectDirPath = "";
			projectRoot = "";
			targets = (
				76E4A7241C38F0F200EC9755 /* TabView Demo */,
				76E4A7381C38F0F200EC9755 /* TabView DemoTests */,
			);
		};
/* End PBXProject section */

/* Begin PBXResourcesBuildPhase section */
		76E4A7231C38F0F200EC9755 /* Resources */ = {
			isa = PBXResourcesBuildPhase;
			buildActionMask = 2147483647;
			files = (
				76E4A7331C38F0F200EC9755 /* LaunchScreen.storyboard in Resources */,
				763773121C41D48E00037868 /* DiscoverSectionView.xib in Resources */,
				76E4A7301C38F0F200EC9755 /* Assets.xcassets in Resources */,
				763773101C41D46600037868 /* DiscoverTableCell.xib in Resources */,
				76E4A72E1C38F0F200EC9755 /* Main.storyboard in Resources */,
				76B17C921C40E237009E24D0 /* ProfileHeaderView.xib in Resources */,
			);
			runOnlyForDeploymentPostprocessing = 0;
		};
		76E4A7371C38F0F200EC9755 /* Resources */ = {
			isa = PBXResourcesBuildPhase;
			buildActionMask = 2147483647;
			files = (
			);
			runOnlyForDeploymentPostprocessing = 0;
		};
/* End PBXResourcesBuildPhase section */

/* Begin PBXSourcesBuildPhase section */
		76E4A7211C38F0F200EC9755 /* Sources */ = {
			isa = PBXSourcesBuildPhase;
			buildActionMask = 2147483647;
			files = (
				76B17C891C40D16E009E24D0 /* SearchViewController.swift in Sources */,
				76E4A72B1C38F0F200EC9755 /* ViewController.swift in Sources */,
				76B17C831C40D120009E24D0 /* ArticleViewController.swift in Sources */,
				76B17C851C40D13F009E24D0 /* QuestionViewController.swift in Sources */,
				7637731C1C4342BF00037868 /* HotViewController.swift in Sources */,
				76B17C941C40E8C0009E24D0 /* UIBarExtension.swift in Sources */,
				763773181C43428100037868 /* NewsViewController.swift in Sources */,
				76B17C8B1C40D17E009E24D0 /* ProfileViewController.swift in Sources */,
				76E4A7291C38F0F200EC9755 /* AppDelegate.swift in Sources */,
				76B17C871C40D156009E24D0 /* DiscoverViewController.swift in Sources */,
				76B17C8F1C40E1CF009E24D0 /* ProfileHeaderView.swift in Sources */,
				7637730E1C41D45700037868 /* DiscoverTableCell.swift in Sources */,
				7637731A1C4342AE00037868 /* RumorViewController.swift in Sources */,
				763773141C41D4A400037868 /* DiscoverSectionView.swift in Sources */,
			);
			runOnlyForDeploymentPostprocessing = 0;
		};
		76E4A7351C38F0F200EC9755 /* Sources */ = {
			isa = PBXSourcesBuildPhase;
			buildActionMask = 2147483647;
			files = (
				76E4A73E1C38F0F200EC9755 /* TabView_DemoTests.swift in Sources */,
			);
			runOnlyForDeploymentPostprocessing = 0;
		};
/* End PBXSourcesBuildPhase section */

/* Begin PBXTargetDependency section */
		76E4A73B1C38F0F200EC9755 /* PBXTargetDependency */ = {
			isa = PBXTargetDependency;
			target = 76E4A7241C38F0F200EC9755 /* TabView Demo */;
			targetProxy = 76E4A73A1C38F0F200EC9755 /* PBXContainerItemProxy */;
		};
/* End PBXTargetDependency section */

/* Begin PBXVariantGroup section */
		76E4A72C1C38F0F200EC9755 /* Main.storyboard */ = {
			isa = PBXVariantGroup;
			children = (
				76E4A72D1C38F0F200EC9755 /* Base */,
			);
			name = Main.storyboard;
			sourceTree = "<group>";
		};
		76E4A7311C38F0F200EC9755 /* LaunchScreen.storyboard */ = {
			isa = PBXVariantGroup;
			children = (
				76E4A7321C38F0F200EC9755 /* Base */,
			);
			name = LaunchScreen.storyboard;
			sourceTree = "<group>";
		};
/* End PBXVariantGroup section */

/* Begin XCBuildConfiguration section */
		76E4A7401C38F0F200EC9755 /* Debug */ = {
			isa = XCBuildConfiguration;
			buildSettings = {
				ALWAYS_SEARCH_USER_PATHS = NO;
				CLANG_CXX_LANGUAGE_STANDARD = "gnu++0x";
				CLANG_CXX_LIBRARY = "libc++";
				CLANG_ENABLE_MODULES = YES;
				CLANG_ENABLE_OBJC_ARC = YES;
				CLANG_WARN_BOOL_CONVERSION = YES;
				CLANG_WARN_CONSTANT_CONVERSION = YES;
				CLANG_WARN_DIRECT_OBJC_ISA_USAGE = YES_ERROR;
				CLANG_WARN_EMPTY_BODY = YES;
				CLANG_WARN_ENUM_CONVERSION = YES;
				CLANG_WARN_INT_CONVERSION = YES;
				CLANG_WARN_OBJC_ROOT_CLASS = YES_ERROR;
				CLANG_WARN_UNREACHABLE_CODE = YES;
				CLANG_WARN__DUPLICATE_METHOD_MATCH = YES;
				"CODE_SIGN_IDENTITY[sdk=iphoneos*]" = "iPhone Developer";
				COPY_PHASE_STRIP = NO;
				DEBUG_INFORMATION_FORMAT = dwarf;
				ENABLE_STRICT_OBJC_MSGSEND = YES;
				ENABLE_TESTABILITY = YES;
				GCC_C_LANGUAGE_STANDARD = gnu99;
				GCC_DYNAMIC_NO_PIC = NO;
				GCC_NO_COMMON_BLOCKS = YES;
				GCC_OPTIMIZATION_LEVEL = 0;
				GCC_PREPROCESSOR_DEFINITIONS = (
					"DEBUG=1",
					"$(inherited)",
				);
				GCC_WARN_64_TO_32_BIT_CONVERSION = YES;
				GCC_WARN_ABOUT_RETURN_TYPE = YES_ERROR;
				GCC_WARN_UNDECLARED_SELECTOR = YES;
				GCC_WARN_UNINITIALIZED_AUTOS = YES_AGGRESSIVE;
				GCC_WARN_UNUSED_FUNCTION = YES;
				GCC_WARN_UNUSED_VARIABLE = YES;
				IPHONEOS_DEPLOYMENT_TARGET = 9.2;
				MTL_ENABLE_DEBUG_INFO = YES;
				ONLY_ACTIVE_ARCH = YES;
				SDKROOT = iphoneos;
				SWIFT_OPTIMIZATION_LEVEL = "-Onone";
			};
			name = Debug;
		};
		76E4A7411C38F0F200EC9755 /* Release */ = {
			isa = XCBuildConfiguration;
			buildSettings = {
				ALWAYS_SEARCH_USER_PATHS = NO;
				CLANG_CXX_LANGUAGE_STANDARD = "gnu++0x";
				CLANG_CXX_LIBRARY = "libc++";
				CLANG_ENABLE_MODULES = YES;
				CLANG_ENABLE_OBJC_ARC = YES;
				CLANG_WARN_BOOL_CONVERSION = YES;
				CLANG_WARN_CONSTANT_CONVERSION = YES;
				CLANG_WARN_DIRECT_OBJC_ISA_USAGE = YES_ERROR;
				CLANG_WARN_EMPTY_BODY = YES;
				CLANG_WARN_ENUM_CONVERSION = YES;
				CLANG_WARN_INT_CONVERSION = YES;
				CLANG_WARN_OBJC_ROOT_CLASS = YES_ERROR;
				CLANG_WARN_UNREACHABLE_CODE = YES;
				CLANG_WARN__DUPLICATE_METHOD_MATCH = YES;
				"CODE_SIGN_IDENTITY[sdk=iphoneos*]" = "iPhone Developer";
				COPY_PHASE_STRIP = NO;
				DEBUG_INFORMATION_FORMAT = "dwarf-with-dsym";
				ENABLE_NS_ASSERTIONS = NO;
				ENABLE_STRICT_OBJC_MSGSEND = YES;
				GCC_C_LANGUAGE_STANDARD = gnu99;
				GCC_NO_COMMON_BLOCKS = YES;
				GCC_WARN_64_TO_32_BIT_CONVERSION = YES;
				GCC_WARN_ABOUT_RETURN_TYPE = YES_ERROR;
				GCC_WARN_UNDECLARED_SELECTOR = YES;
				GCC_WARN_UNINITIALIZED_AUTOS = YES_AGGRESSIVE;
				GCC_WARN_UNUSED_FUNCTION = YES;
				GCC_WARN_UNUSED_VARIABLE = YES;
				IPHONEOS_DEPLOYMENT_TARGET = 9.2;
				MTL_ENABLE_DEBUG_INFO = NO;
				SDKROOT = iphoneos;
				VALIDATE_PRODUCT = YES;
			};
			name = Release;
		};
		76E4A7431C38F0F200EC9755 /* Debug */ = {
			isa = XCBuildConfiguration;
			buildSettings = {
				ASSETCATALOG_COMPILER_APPICON_NAME = AppIcon;
				INFOPLIST_FILE = "TabView Demo/Info.plist";
				LD_RUNPATH_SEARCH_PATHS = "$(inherited) @executable_path/Frameworks";
				PRODUCT_BUNDLE_IDENTIFIER = "com.dyl.herokuapp.TabView-Demo";
				PRODUCT_NAME = "$(TARGET_NAME)";
			};
			name = Debug;
		};
		76E4A7441C38F0F200EC9755 /* Release */ = {
			isa = XCBuildConfiguration;
			buildSettings = {
				ASSETCATALOG_COMPILER_APPICON_NAME = AppIcon;
				INFOPLIST_FILE = "TabView Demo/Info.plist";
				LD_RUNPATH_SEARCH_PATHS = "$(inherited) @executable_path/Frameworks";
				PRODUCT_BUNDLE_IDENTIFIER = "com.dyl.herokuapp.TabView-Demo";
				PRODUCT_NAME = "$(TARGET_NAME)";
			};
			name = Release;
		};
		76E4A7461C38F0F200EC9755 /* Debug */ = {
			isa = XCBuildConfiguration;
			buildSettings = {
				BUNDLE_LOADER = "$(TEST_HOST)";
				INFOPLIST_FILE = "TabView DemoTests/Info.plist";
				LD_RUNPATH_SEARCH_PATHS = "$(inherited) @executable_path/Frameworks @loader_path/Frameworks";
				PRODUCT_BUNDLE_IDENTIFIER = "com.dyl.herokuapp.TabView-DemoTests";
				PRODUCT_NAME = "$(TARGET_NAME)";
				TEST_HOST = "$(BUILT_PRODUCTS_DIR)/TabView Demo.app/TabView Demo";
			};
			name = Debug;
		};
		76E4A7471C38F0F200EC9755 /* Release */ = {
			isa = XCBuildConfiguration;
			buildSettings = {
				BUNDLE_LOADER = "$(TEST_HOST)";
				INFOPLIST_FILE = "TabView DemoTests/Info.plist";
				LD_RUNPATH_SEARCH_PATHS = "$(inherited) @executable_path/Frameworks @loader_path/Frameworks";
				PRODUCT_BUNDLE_IDENTIFIER = "com.dyl.herokuapp.TabView-DemoTests";
				PRODUCT_NAME = "$(TARGET_NAME)";
				TEST_HOST = "$(BUILT_PRODUCTS_DIR)/TabView Demo.app/TabView Demo";
			};
			name = Release;
		};
/* End XCBuildConfiguration section */

/* Begin XCConfigurationList section */
		76E4A7201C38F0F200EC9755 /* Build configuration list for PBXProject "TabView Demo" */ = {
			isa = XCConfigurationList;
			buildConfigurations = (
				76E4A7401C38F0F200EC9755 /* Debug */,
				76E4A7411C38F0F200EC9755 /* Release */,
			);
			defaultConfigurationIsVisible = 0;
			defaultConfigurationName = Release;
		};
		76E4A7421C38F0F200EC9755 /* Build configuration list for PBXNativeTarget "TabView Demo" */ = {
			isa = XCConfigurationList;
			buildConfigurations = (
				76E4A7431C38F0F200EC9755 /* Debug */,
				76E4A7441C38F0F200EC9755 /* Release */,
			);
			defaultConfigurationIsVisible = 0;
			defaultConfigurationName = Release;
		};
		76E4A7451C38F0F200EC9755 /* Build configuration list for PBXNativeTarget "TabView DemoTests" */ = {
			isa = XCConfigurationList;
			buildConfigurations = (
				76E4A7461C38F0F200EC9755 /* Debug */,
				76E4A7471C38F0F200EC9755 /* Release */,
			);
			defaultConfigurationIsVisible = 0;
			defaultConfigurationName = Release;
		};
/* End XCConfigurationList section */
	};
	rootObject = 76E4A71D1C38F0F200EC9755 /* Project object */;
}
